
Microsoft Visual Studio Solution File, Format Version 12.00
# Visual Studio Version 17
VisualStudioVersion = 17.14.36212.18 d17.14
MinimumVisualStudioVersion = 10.0.40219.1
Project("{8BC9CEB8-8B4A-11D0-8D11-00A0C91BC942}") = "Flight_Information_Center", "Flight_Information_Center.vcxproj", "{FEE9D118-43A7-4238-9B7A-EF6533655637}"
EndProject
Global
	GlobalSection(SolutionConfigurationPlatforms) = preSolution
		Debug|x64 = Debug|x64
		Debug|x86 = Debug|x86
		Release|x64 = Release|x64
		Release|x86 = Release|x86
	EndGlobalSection
	GlobalSection(ProjectConfigurationPlatforms) = postSolution
		{FEE9D118-43A7-4238-9B7A-EF6533655637}.Debug|x64.ActiveCfg = Debug|x64
		{FEE9D118-43A7-4238-9B7A-EF6533655637}.Debug|x64.Build.0 = Debug|x64
		{FEE9D118-43A7-4238-9B7A-EF6533655637}.Debug|x86.ActiveCfg = Debug|Win32
		{FEE9D118-43A7-4238-9B7A-EF6533655637}.Debug|x86.Build.0 = Debug|Win32
		{FEE9D118-43A7-4238-9B7A-EF6533655637}.Release|x64.ActiveCfg = Release|x64
		{FEE9D118-43A7-4238-9B7A-EF6533655637}.Release|x64.Build.0 = Release|x64
		{FEE9D118-43A7-4238-9B7A-EF6533655637}.Release|x86.ActiveCfg = Release|Win32
		{FEE9D118-43A7-4238-9B7A-EF6533655637}.Release|x86.Build.0 = Release|Win32
	EndGlobalSection
	GlobalSection(SolutionProperties) = preSolution
		HideSolutionNode = FALSE
	EndGlobalSection
	GlobalSection(ExtensibilityGlobals) = postSolution
		SolutionGuid = {8BB76052-7534-4FB1-90CA-4C16346C3F2D}
	EndGlobalSection
EndGlobal
